
Microsoft Visual Studio Solution File, Format Version 12.00
# Visual Studio 14
VisualStudioVersion = 14.0.25420.1
MinimumVisualStudioVersion = 10.0.40219.1
Project("{A0786B88-2ADB-4C21-ABE8-AA2D79766269}") = "PACareerLinkRegistrationSystemPHP", "PACareerLinkRegistrationSystemPHP\PACareerLinkRegistrationSystemPHP.phpproj", "{1F1323C6-46F7-4A14-84C7-2A7421B9673E}"
EndProject
Global
	GlobalSection(SolutionConfigurationPlatforms) = preSolution
		Debug|Any CPU = Debug|Any CPU
		Release|Any CPU = Release|Any CPU
	EndGlobalSection
	GlobalSection(ProjectConfigurationPlatforms) = postSolution
		{1F1323C6-46F7-4A14-84C7-2A7421B9673E}.Debug|Any CPU.ActiveCfg = Debug|Any CPU
		{1F1323C6-46F7-4A14-84C7-2A7421B9673E}.Release|Any CPU.ActiveCfg = Release|Any CPU
	EndGlobalSection
	GlobalSection(SolutionProperties) = preSolution
		HideSolutionNode = FALSE
	EndGlobalSection
EndGlobal
